
Microsoft Visual Studio Solution File, Format Version 12.00
# Visual Studio Version 16
VisualStudioVersion = 16.0.31205.134
MinimumVisualStudioVersion = 10.0.40219.1
Project("{9A19103F-16F7-4668-BE54-9A1E7A4F7556}") = "Bource.Models", "Bource.Models\Bource.Models.csproj", "{43777C6B-2A30-481F-8D5A-22C683A2AAE7}"
EndProject
Project("{9A19103F-16F7-4668-BE54-9A1E7A4F7556}") = "Bource.Common", "Bource.Common\Bource.Common.csproj", "{F277EEC4-8640-4E55-8F39-2D27FC91ADAB}"
EndProject
Project("{9A19103F-16F7-4668-BE54-9A1E7A4F7556}") = "Bource.Services", "Bource.Services\Bource.Services.csproj", "{0CFD9326-AE12-44D2-B2A6-4EDD4FAB7669}"
EndProject
Project("{9A19103F-16F7-4668-BE54-9A1E7A4F7556}") = "Bource.Data", "Bource.Data\Bource.Data.csproj", "{6F391051-7CCE-422F-8841-245B2EC3E233}"
EndProject
Project("{9A19103F-16F7-4668-BE54-9A1E7A4F7556}") = "Bource.Console", "Bource.Console\Bource.Console.csproj", "{4F1DAD2E-BCD2-47ED-BB0C-5E4D1637DBA0}"
EndProject
Project("{9A19103F-16F7-4668-BE54-9A1E7A4F7556}") = "Bource.JobServer", "Bource.JobServer\Bource.JobServer.csproj", "{2F85EA0C-7CE4-476F-ABB4-24782F51B65F}"
EndProject
Project("{9A19103F-16F7-4668-BE54-9A1E7A4F7556}") = "Bource.WebConfiguration", "Bource.WebConfiguration\Bource.WebConfiguration.csproj", "{B5803AE6-026D-4B93-BEC6-7A43F83F6B50}"
EndProject
Global
	GlobalSection(SolutionConfigurationPlatforms) = preSolution
		Debug|Any CPU = Debug|Any CPU
		Release|Any CPU = Release|Any CPU
	EndGlobalSection
	GlobalSection(ProjectConfigurationPlatforms) = postSolution
		{43777C6B-2A30-481F-8D5A-22C683A2AAE7}.Debug|Any CPU.ActiveCfg = Debug|Any CPU
		{43777C6B-2A30-481F-8D5A-22C683A2AAE7}.Debug|Any CPU.Build.0 = Debug|Any CPU
		{43777C6B-2A30-481F-8D5A-22C683A2AAE7}.Release|Any CPU.ActiveCfg = Release|Any CPU
		{43777C6B-2A30-481F-8D5A-22C683A2AAE7}.Release|Any CPU.Build.0 = Release|Any CPU
		{F277EEC4-8640-4E55-8F39-2D27FC91ADAB}.Debug|Any CPU.ActiveCfg = Debug|Any CPU
		{F277EEC4-8640-4E55-8F39-2D27FC91ADAB}.Debug|Any CPU.Build.0 = Debug|Any CPU
		{F277EEC4-8640-4E55-8F39-2D27FC91ADAB}.Release|Any CPU.ActiveCfg = Release|Any CPU
		{F277EEC4-8640-4E55-8F39-2D27FC91ADAB}.Release|Any CPU.Build.0 = Release|Any CPU
		{0CFD9326-AE12-44D2-B2A6-4EDD4FAB7669}.Debug|Any CPU.ActiveCfg = Debug|Any CPU
		{0CFD9326-AE12-44D2-B2A6-4EDD4FAB7669}.Debug|Any CPU.Build.0 = Debug|Any CPU
		{0CFD9326-AE12-44D2-B2A6-4EDD4FAB7669}.Release|Any CPU.ActiveCfg = Release|Any CPU
		{0CFD9326-AE12-44D2-B2A6-4EDD4FAB7669}.Release|Any CPU.Build.0 = Release|Any CPU
		{6F391051-7CCE-422F-8841-245B2EC3E233}.Debug|Any CPU.ActiveCfg = Debug|Any CPU
		{6F391051-7CCE-422F-8841-245B2EC3E233}.Debug|Any CPU.Build.0 = Debug|Any CPU
		{6F391051-7CCE-422F-8841-245B2EC3E233}.Release|Any CPU.ActiveCfg = Release|Any CPU
		{6F391051-7CCE-422F-8841-245B2EC3E233}.Release|Any CPU.Build.0 = Release|Any CPU
		{4F1DAD2E-BCD2-47ED-BB0C-5E4D1637DBA0}.Debug|Any CPU.ActiveCfg = Debug|Any CPU
		{4F1DAD2E-BCD2-47ED-BB0C-5E4D1637DBA0}.Debug|Any CPU.Build.0 = Debug|Any CPU
		{4F1DAD2E-BCD2-47ED-BB0C-5E4D1637DBA0}.Release|Any CPU.ActiveCfg = Release|Any CPU
		{4F1DAD2E-BCD2-47ED-BB0C-5E4D1637DBA0}.Release|Any CPU.Build.0 = Release|Any CPU
		{2F85EA0C-7CE4-476F-ABB4-24782F51B65F}.Debug|Any CPU.ActiveCfg = Debug|Any CPU
		{2F85EA0C-7CE4-476F-ABB4-24782F51B65F}.Debug|Any CPU.Build.0 = Debug|Any CPU
		{2F85EA0C-7CE4-476F-ABB4-24782F51B65F}.Release|Any CPU.ActiveCfg = Release|Any CPU
		{2F85EA0C-7CE4-476F-ABB4-24782F51B65F}.Release|Any CPU.Build.0 = Release|Any CPU
		{B5803AE6-026D-4B93-BEC6-7A43F83F6B50}.Debug|Any CPU.ActiveCfg = Debug|Any CPU
		{B5803AE6-026D-4B93-BEC6-7A43F83F6B50}.Debug|Any CPU.Build.0 = Debug|Any CPU
		{B5803AE6-026D-4B93-BEC6-7A43F83F6B50}.Release|Any CPU.ActiveCfg = Release|Any CPU
		{B5803AE6-026D-4B93-BEC6-7A43F83F6B50}.Release|Any CPU.Build.0 = Release|Any CPU
	EndGlobalSection
	GlobalSection(SolutionProperties) = preSolution
		HideSolutionNode = FALSE
	EndGlobalSection
	GlobalSection(ExtensibilityGlobals) = postSolution
		SolutionGuid = {14A0A180-CB98-4796-9F12-608126730DD4}
	EndGlobalSection
EndGlobal
